<?xml version="1.0" encoding="utf-8"?>
<Project ToolsVersion="4.0" xmlns="http://schemas.microsoft.com/developer/msbuild/2003">
  <ItemGroup>
    <Filter Include="Source Files">
      <UniqueIdentifier>{4FC737F1-C7A5-4376-A066-2A32D752A2FF}</UniqueIdentifier>
      <Extensions>cpp;c;cxx;def;odl;idl;hpj;bat;asm;asmx</Extensions>
    </Filter>
    <Filter Include="Header Files">
      <UniqueIdentifier>{93995380-89BD-4b04-88EB-625FBE52EBFB}</UniqueIdentifier>
      <Extensions>h;hpp;hxx;hm;inl;inc;xsd</Extensions>
    </Filter>
    <Filter Include="Resource Files">
      <UniqueIdentifier>{67DA6AB6-F800-4c08-8B7A-83BB121AAD01}</UniqueIdentifier>
      <Extensions>rc;ico;cur;bmp;dlg;rc2;rct;bin;rgs;gif;jpg;jpeg;jpe;resx</Extensions>
    </Filter>
    <Filter Include="Notepad++">
      <UniqueIdentifier>{afb51bde-2ed3-445d-b889-078cd83d43f8}</UniqueIdentifier>
    </Filter>
    <Filter Include="Notepad++\DockingFeature">
      <UniqueIdentifier>{9cbb6497-b7a3-42dc-8cf7-7ce3ea692a54}</UniqueIdentifier>
    </Filter>
  </ItemGroup>
  <ItemGroup>
    <ClCompile Include="AboutDlg.cpp">
      <Filter>Source Files</Filter>
    </ClCompile>
    <ClCompile Include="DownloadJSLint.cpp">
      <Filter>Source Files</Filter>
    </ClCompile>
    <ClCompile Include="JSLint.cpp">
      <Filter>Source Files</Filter>
    </ClCompile>
    <ClCompile Include="JSLintNpp.cpp">
      <Filter>Source Files</Filter>
    </ClCompile>
    <ClCompile Include="JSLintOptions.cpp">
      <Filter>Source Files</Filter>
    </ClCompile>
    <ClCompile Include="OutputDlg.cpp">
      <Filter>Source Files</Filter>
    </ClCompile>
    <ClCompile Include="PluginDefinition.cpp">
      <Filter>Source Files</Filter>
    </ClCompile>
    <ClCompile Include="Settings.cpp">
      <Filter>Source Files</Filter>
    </ClCompile>
    <ClCompile Include="StdHeaders.cpp">
      <Filter>Source Files</Filter>
    </ClCompile>
    <ClCompile Include="Util.cpp">
      <Filter>Source Files</Filter>
    </ClCompile>
    <ClCompile Include="Notepad++\DockingFeature\StaticDialog.cpp">
      <Filter>Notepad++\DockingFeature</Filter>
    </ClCompile>
  </ItemGroup>
  <ItemGroup>
    <ClInclude Include="AboutDlg.h">
      <Filter>Header Files</Filter>
    </ClInclude>
    <ClInclude Include="DownloadJSLint.h">
      <Filter>Header Files</Filter>
    </ClInclude>
    <ClInclude Include="JSLint.h">
      <Filter>Header Files</Filter>
    </ClInclude>
    <ClInclude Include="JSLintOptions.h">
      <Filter>Header Files</Filter>
    </ClInclude>
    <ClInclude Include="OutputDlg.h">
      <Filter>Header Files</Filter>
    </ClInclude>
    <ClInclude Include="PluginDefinition.h">
      <Filter>Header Files</Filter>
    </ClInclude>
    <ClInclude Include="resource.h">
      <Filter>Header Files</Filter>
    </ClInclude>
    <ClInclude Include="Settings.h">
      <Filter>Header Files</Filter>
    </ClInclude>
    <ClInclude Include="StdHeaders.h">
      <Filter>Header Files</Filter>
    </ClInclude>
    <ClInclude Include="TargetVer.h">
      <Filter>Header Files</Filter>
    </ClInclude>
    <ClInclude Include="Util.h">
      <Filter>Header Files</Filter>
    </ClInclude>
    <ClInclude Include="Version.h">
      <Filter>Header Files</Filter>
    </ClInclude>
    <ClInclude Include="Notepad++\menuCmdID.h">
      <Filter>Notepad++</Filter>
    </ClInclude>
    <ClInclude Include="Notepad++\Notepad_plus_msgs.h">
      <Filter>Notepad++</Filter>
    </ClInclude>
    <ClInclude Include="Notepad++\PluginInterface.h">
      <Filter>Notepad++</Filter>
    </ClInclude>
    <ClInclude Include="Notepad++\Scintilla.h">
      <Filter>Notepad++</Filter>
    </ClInclude>
    <ClInclude Include="Notepad++\DockingFeature\Window.h">
      <Filter>Notepad++\DockingFeature</Filter>
    </ClInclude>
    <ClInclude Include="Notepad++\DockingFeature\Docking.h">
      <Filter>Notepad++\DockingFeature</Filter>
    </ClInclude>
    <ClInclude Include="Notepad++\DockingFeature\DockingDlgInterface.h">
      <Filter>Notepad++\DockingFeature</Filter>
    </ClInclude>
    <ClInclude Include="Notepad++\DockingFeature\dockingResource.h">
      <Filter>Notepad++\DockingFeature</Filter>
    </ClInclude>
    <ClInclude Include="Notepad++\DockingFeature\StaticDialog.h">
      <Filter>Notepad++\DockingFeature</Filter>
    </ClInclude>
  </ItemGroup>
  <ItemGroup>
    <None Include="res\jshint.debug.js">
      <Filter>Resource Files</Filter>
    </None>
    <None Include="res\jshint.js">
      <Filter>Resource Files</Filter>
    </None>
    <None Include="res\jslint.js">
      <Filter>Resource Files</Filter>
    </None>
    <None Include="res\jslint_output.js">
      <Filter>Resource Files</Filter>
    </None>
    <None Include="packages.config" />
  </ItemGroup>
  <ItemGroup>
    <ResourceCompile Include="JSLintNpp.rc">
      <Filter>Resource Files</Filter>
    </ResourceCompile>
  </ItemGroup>
  <ItemGroup>
    <Image Include="res\JSLintTab.ico">
      <Filter>Resource Files</Filter>
    </Image>
    <Image Include="res\TB_JSLintAllFiles.bmp">
      <Filter>Resource Files</Filter>
    </Image>
    <Image Include="res\TB_JSLintCurrentFile.bmp">
      <Filter>Resource Files</Filter>
    </Image>
    <Image Include="res\TB_LintOptions.bmp">
      <Filter>Resource Files</Filter>
    </Image>
    <Image Include="res\TB_NextLint.bmp">
      <Filter>Resource Files</Filter>
    </Image>
    <Image Include="res\TB_PrevLint.bmp">
      <Filter>Resource Files</Filter>
    </Image>
  </ItemGroup>
</Project>