<?xml version="1.0" encoding="utf-8"?>
<Project ToolsVersion="4.0" xmlns="http://schemas.microsoft.com/developer/msbuild/2003">
  <ItemGroup>
    <Filter Include="Source Files">
      <UniqueIdentifier>{4FC737F1-C7A5-4376-A066-2A32D752A2FF}</UniqueIdentifier>
      <Extensions>cpp;c;cxx;def;odl;idl;hpj;bat;asm;asmx</Extensions>
    </Filter>
    <Filter Include="Header Files">
      <UniqueIdentifier>{93995380-89BD-4b04-88EB-625FBE52EBFB}</UniqueIdentifier>
      <Extensions>h;hpp;hxx;hm;inl;inc;xsd</Extensions>
    </Filter>
    <Filter Include="Resource Files">
      <UniqueIdentifier>{67DA6AB6-F800-4c08-8B7A-83BB121AAD01}</UniqueIdentifier>
      <Extensions>rc;ico;cur;bmp;dlg;rc2;rct;bin;rgs;gif;jpg;jpeg;jpe;resx</Extensions>
    </Filter>
    <Filter Include="Notepad++">
      <UniqueIdentifier>{afb51bde-2ed3-445d-b889-078cd83d43f8}</UniqueIdentifier>
    </Filter>
    <Filter Include="DockingDialog">
      <UniqueIdentifier>{b22a21d1-a696-4df0-8859-517095043ef0}</UniqueIdentifier>
    </Filter>
  </ItemGroup>
  <ItemGroup>
    <ClCompile Include="AboutDlg.cpp">
      <Filter>Source Files</Filter>
    </ClCompile>
    <ClCompile Include="DownloadJSLint.cpp">
      <Filter>Source Files</Filter>
    </ClCompile>
    <ClCompile Include="JSLint.cpp">
      <Filter>Source Files</Filter>
    </ClCompile>
    <ClCompile Include="JSLintNpp.cpp">
      <Filter>Source Files</Filter>
    </ClCompile>
    <ClCompile Include="JSLintOptions.cpp">
      <Filter>Source Files</Filter>
    </ClCompile>
    <ClCompile Include="OutputDlg.cpp">
      <Filter>Source Files</Filter>
    </ClCompile>
    <ClCompile Include="Settings.cpp">
      <Filter>Source Files</Filter>
    </ClCompile>
    <ClCompile Include="StdHeaders.cpp">
      <Filter>Source Files</Filter>
    </ClCompile>
    <ClCompile Include="Util.cpp">
      <Filter>Source Files</Filter>
    </ClCompile>
    <ClCompile Include="dllmain.cpp">
      <Filter>Source Files</Filter>
    </ClCompile>
    <ClCompile Include="ScriptSourceDef.cpp">
      <Filter>Source Files</Filter>
    </ClCompile>
    <ClCompile Include="Settings_Dialogue.cpp">
      <Filter>Source Files</Filter>
    </ClCompile>
    <ClCompile Include="Profile_Handler.cpp">
      <Filter>Source Files</Filter>
    </ClCompile>
    <ClCompile Include="Version_Info.cpp">
      <Filter>Source Files</Filter>
    </ClCompile>
    <ClCompile Include="Option.cpp">
      <Filter>Source Files</Filter>
    </ClCompile>
    <ClCompile Include="Download_Progress_Bar.cpp">
      <Filter>Source Files</Filter>
    </ClCompile>
    <ClCompile Include="Downloader.cpp">
      <Filter>Source Files</Filter>
    </ClCompile>
    <ClCompile Include="Internet_Handle.cpp">
      <Filter>Source Files</Filter>
    </ClCompile>
    <ClCompile Include="Url_Components.cpp">
      <Filter>Source Files</Filter>
    </ClCompile>
    <ClCompile Include="Options_Dialogue.cpp">
      <Filter>Source Files</Filter>
    </ClCompile>
    <ClCompile Include="Options_Sub_Dialogue.cpp">
      <Filter>Source Files</Filter>
    </ClCompile>
    <ClCompile Include="Linter_Options.cpp">
      <Filter>Source Files</Filter>
    </ClCompile>
    <ClCompile Include="JSHintLinterOptions.cpp">
      <Filter>Source Files</Filter>
    </ClCompile>
    <ClCompile Include="JSLintLinterOptions.cpp">
      <Filter>Source Files</Filter>
    </ClCompile>
    <ClCompile Include="..\Docking_Dialogue_Interface\Plugin\Dialogue_Interface.cpp">
      <Filter>DockingDialog</Filter>
    </ClCompile>
    <ClCompile Include="..\Docking_Dialogue_Interface\Plugin\Docking_Dialogue_Interface.cpp">
      <Filter>DockingDialog</Filter>
    </ClCompile>
    <ClCompile Include="..\Docking_Dialogue_Interface\Plugin\Modal_Dialogue_Interface.cpp">
      <Filter>DockingDialog</Filter>
    </ClCompile>
    <ClCompile Include="..\Docking_Dialogue_Interface\Plugin\Non_Modal_Dialogue_Base.cpp">
      <Filter>DockingDialog</Filter>
    </ClCompile>
    <ClCompile Include="..\Docking_Dialogue_Interface\Plugin\Non_Modal_Dialogue_Interface.cpp">
      <Filter>DockingDialog</Filter>
    </ClCompile>
    <ClCompile Include="..\Docking_Dialogue_Interface\Plugin\Plugin.cpp">
      <Filter>DockingDialog</Filter>
    </ClCompile>
  </ItemGroup>
  <ItemGroup>
    <ClInclude Include="AboutDlg.h">
      <Filter>Header Files</Filter>
    </ClInclude>
    <ClInclude Include="DownloadJSLint.h">
      <Filter>Header Files</Filter>
    </ClInclude>
    <ClInclude Include="JSLint.h">
      <Filter>Header Files</Filter>
    </ClInclude>
    <ClInclude Include="JSLintOptions.h">
      <Filter>Header Files</Filter>
    </ClInclude>
    <ClInclude Include="OutputDlg.h">
      <Filter>Header Files</Filter>
    </ClInclude>
    <ClInclude Include="Settings.h">
      <Filter>Header Files</Filter>
    </ClInclude>
    <ClInclude Include="StdHeaders.h">
      <Filter>Header Files</Filter>
    </ClInclude>
    <ClInclude Include="TargetVer.h">
      <Filter>Header Files</Filter>
    </ClInclude>
    <ClInclude Include="Util.h">
      <Filter>Header Files</Filter>
    </ClInclude>
    <ClInclude Include="Version.h">
      <Filter>Header Files</Filter>
    </ClInclude>
    <ClInclude Include="JSLintNpp.h">
      <Filter>Header Files</Filter>
    </ClInclude>
    <ClInclude Include="ScriptSourceDef.h">
      <Filter>Header Files</Filter>
    </ClInclude>
    <ClInclude Include="Settings_Dialogue.h">
      <Filter>Header Files</Filter>
    </ClInclude>
    <ClInclude Include="Profile_Handler.h">
      <Filter>Header Files</Filter>
    </ClInclude>
    <ClInclude Include="Version_Info.h">
      <Filter>Header Files</Filter>
    </ClInclude>
    <ClInclude Include="afxres.h">
      <Filter>Resource Files</Filter>
    </ClInclude>
    <ClInclude Include="Linter.h">
      <Filter>Header Files</Filter>
    </ClInclude>
    <ClInclude Include="Option.h">
      <Filter>Header Files</Filter>
    </ClInclude>
    <ClInclude Include="Download_Progress_Bar.h">
      <Filter>Header Files</Filter>
    </ClInclude>
    <ClInclude Include="Downloader.h">
      <Filter>Header Files</Filter>
    </ClInclude>
    <ClInclude Include="Internet_Handle.h">
      <Filter>Header Files</Filter>
    </ClInclude>
    <ClInclude Include="Url_Components.h">
      <Filter>Header Files</Filter>
    </ClInclude>
    <ClInclude Include="Linter_Versions.h">
      <Filter>Header Files</Filter>
    </ClInclude>
    <ClInclude Include="Options_Dialogue.h">
      <Filter>Header Files</Filter>
    </ClInclude>
    <ClInclude Include="Options_Sub_Dialogue.h">
      <Filter>Header Files</Filter>
    </ClInclude>
    <ClInclude Include="Linter_Options.h">
      <Filter>Header Files</Filter>
    </ClInclude>
    <ClInclude Include="resource.h">
      <Filter>Header Files</Filter>
    </ClInclude>
    <ClInclude Include="JSLintLinterOptions.h">
      <Filter>Header Files</Filter>
    </ClInclude>
    <ClInclude Include="JSHintLinterOptions.h">
      <Filter>Header Files</Filter>
    </ClInclude>
    <ClInclude Include="..\Docking_Dialogue_Interface\Plugin\Callback_Context.h">
      <Filter>DockingDialog</Filter>
    </ClInclude>
    <ClInclude Include="..\Docking_Dialogue_Interface\Plugin\Dialogue_Interface.h">
      <Filter>DockingDialog</Filter>
    </ClInclude>
    <ClInclude Include="..\Docking_Dialogue_Interface\Plugin\Docking_Dialogue_Interface.h">
      <Filter>DockingDialog</Filter>
    </ClInclude>
    <ClInclude Include="..\Docking_Dialogue_Interface\Plugin\Modal_Dialogue_Interface.h">
      <Filter>DockingDialog</Filter>
    </ClInclude>
    <ClInclude Include="..\Docking_Dialogue_Interface\Plugin\Non_Modal_Dialogue_Base.h">
      <Filter>DockingDialog</Filter>
    </ClInclude>
    <ClInclude Include="..\Docking_Dialogue_Interface\Plugin\Non_Modal_Dialogue_Interface.h">
      <Filter>DockingDialog</Filter>
    </ClInclude>
    <ClInclude Include="..\Docking_Dialogue_Interface\Plugin\Plugin.h">
      <Filter>DockingDialog</Filter>
    </ClInclude>
    <ClInclude Include="..\Docking_Dialogue_Interface\plugintemplate\src\menuCmdID.h">
      <Filter>Notepad++</Filter>
    </ClInclude>
    <ClInclude Include="..\Docking_Dialogue_Interface\plugintemplate\src\Notepad_plus_msgs.h">
      <Filter>Notepad++</Filter>
    </ClInclude>
    <ClInclude Include="..\Docking_Dialogue_Interface\plugintemplate\src\PluginInterface.h">
      <Filter>Notepad++</Filter>
    </ClInclude>
    <ClInclude Include="..\Docking_Dialogue_Interface\plugintemplate\src\Sci_Position.h">
      <Filter>Notepad++</Filter>
    </ClInclude>
    <ClInclude Include="..\Docking_Dialogue_Interface\plugintemplate\src\Scintilla.h">
      <Filter>Notepad++</Filter>
    </ClInclude>
  </ItemGroup>
  <ItemGroup>
    <None Include="res\jshint.debug.js">
      <Filter>Resource Files</Filter>
    </None>
    <None Include="res\jshint.js">
      <Filter>Resource Files</Filter>
    </None>
    <None Include="res\jslint.js">
      <Filter>Resource Files</Filter>
    </None>
    <None Include="res\jslint_output.js">
      <Filter>Resource Files</Filter>
    </None>
    <None Include="packages.config" />
  </ItemGroup>
  <ItemGroup>
    <ResourceCompile Include="JSLintNpp.rc">
      <Filter>Resource Files</Filter>
    </ResourceCompile>
  </ItemGroup>
  <ItemGroup>
    <Image Include="res\JSLintTab.ico">
      <Filter>Resource Files</Filter>
    </Image>
    <Image Include="res\TB_JSLintAllFiles.bmp">
      <Filter>Resource Files</Filter>
    </Image>
    <Image Include="res\TB_JSLintCurrentFile.bmp">
      <Filter>Resource Files</Filter>
    </Image>
    <Image Include="res\TB_LintOptions.bmp">
      <Filter>Resource Files</Filter>
    </Image>
    <Image Include="res\TB_NextLint.bmp">
      <Filter>Resource Files</Filter>
    </Image>
    <Image Include="res\TB_PrevLint.bmp">
      <Filter>Resource Files</Filter>
    </Image>
  </ItemGroup>
</Project>